
Microsoft Visual Studio Solution File, Format Version 12.00
# Visual Studio Version 16
VisualStudioVersion = 16.0.30804.86
MinimumVisualStudioVersion = 10.0.40219.1
Project("{FAE04EC0-301F-11D3-BF4B-00C04F79EFBC}") = "Exercice5", "Exercice5.csproj", "{7CD08AD9-DE3A-4EE4-A64A-33586D2747FC}"
EndProject
Global
	GlobalSection(SolutionConfigurationPlatforms) = preSolution
		Debug|Any CPU = Debug|Any CPU
		Release|Any CPU = Release|Any CPU
	EndGlobalSection
	GlobalSection(ProjectConfigurationPlatforms) = postSolution
		{7CD08AD9-DE3A-4EE4-A64A-33586D2747FC}.Debug|Any CPU.ActiveCfg = Debug|Any CPU
		{7CD08AD9-DE3A-4EE4-A64A-33586D2747FC}.Debug|Any CPU.Build.0 = Debug|Any CPU
		{7CD08AD9-DE3A-4EE4-A64A-33586D2747FC}.Release|Any CPU.ActiveCfg = Release|Any CPU
		{7CD08AD9-DE3A-4EE4-A64A-33586D2747FC}.Release|Any CPU.Build.0 = Release|Any CPU
	EndGlobalSection
	GlobalSection(SolutionProperties) = preSolution
		HideSolutionNode = FALSE
	EndGlobalSection
	GlobalSection(ExtensibilityGlobals) = postSolution
		SolutionGuid = {232A2FAC-7D65-4226-B582-D68A0FA53487}
	EndGlobalSection
EndGlobal
